
Microsoft Visual Studio Solution File, Format Version 12.00
# Visual Studio Version 17
VisualStudioVersion = 17.5.33530.505
MinimumVisualStudioVersion = 10.0.40219.1
Project("{FAE04EC0-301F-11D3-BF4B-00C04F79EFBC}") = "MedicionCamara", "MedicionCamara.csproj", "{76987FAE-EFF3-4615-8497-0B3537F5A9CB}"
EndProject
Global
	GlobalSection(SolutionConfigurationPlatforms) = preSolution
		Debug|Any CPU = Debug|Any CPU
		Release|Any CPU = Release|Any CPU
	EndGlobalSection
	GlobalSection(ProjectConfigurationPlatforms) = postSolution
		{76987FAE-EFF3-4615-8497-0B3537F5A9CB}.Debug|Any CPU.ActiveCfg = Debug|x64
		{76987FAE-EFF3-4615-8497-0B3537F5A9CB}.Debug|Any CPU.Build.0 = Debug|x64
		{76987FAE-EFF3-4615-8497-0B3537F5A9CB}.Release|Any CPU.ActiveCfg = Release|Any CPU
		{76987FAE-EFF3-4615-8497-0B3537F5A9CB}.Release|Any CPU.Build.0 = Release|Any CPU
	EndGlobalSection
	GlobalSection(SolutionProperties) = preSolution
		HideSolutionNode = FALSE
	EndGlobalSection
	GlobalSection(ExtensibilityGlobals) = postSolution
		SolutionGuid = {1A4E8168-7113-4E3E-AC35-62777545A55E}
	EndGlobalSection
EndGlobal
